<?xml version="1.0" encoding="utf-8"?>
<Project ToolsVersion="14.0" xmlns="http://schemas.microsoft.com/developer/msbuild/2003">
  <ItemGroup>
    <Filter Include="Common">
      <UniqueIdentifier>187d3e60-961a-41ee-bc18-c510a431d22e</UniqueIdentifier>
    </Filter>
    <Filter Include="Assets">
      <UniqueIdentifier>f8868b9a-1bec-48df-b4b6-294815dc7a5d</UniqueIdentifier>
      <Extensions>bmp;fbx;gif;jpg;jpeg;tga;tiff;tif;png</Extensions>
    </Filter>
    <Filter Include="Cocos2dEngine">
      <UniqueIdentifier>{6b9ca606-5a38-4479-a7ec-01bdfeda67bc}</UniqueIdentifier>
    </Filter>
    <Filter Include="Classes">
      <UniqueIdentifier>{a18967bc-4fa1-4c67-bf7e-3f9c8b6a1129}</UniqueIdentifier>
    </Filter>
    <Filter Include="Classes\AccelerometerTest">
      <UniqueIdentifier>{89f70c2a-ef98-4340-98cf-684bfddbd304}</UniqueIdentifier>
    </Filter>
    <Filter Include="Classes\ActionManagerTest">
      <UniqueIdentifier>{85d7e0ed-2d9f-4693-b228-8903d0e0037e}</UniqueIdentifier>
    </Filter>
    <Filter Include="Classes\ActionsEaseTest">
      <UniqueIdentifier>{78b9d000-f045-4100-ad44-de7b979f9cca}</UniqueIdentifier>
    </Filter>
    <Filter Include="Classes\ActionsProgressTest">
      <UniqueIdentifier>{ee11015d-be44-4d51-9fd3-600ca0b64730}</UniqueIdentifier>
    </Filter>
    <Filter Include="Classes\ActionsTest">
      <UniqueIdentifier>{e466a2f8-02f5-489a-81bf-e3e3466f8bfe}</UniqueIdentifier>
    </Filter>
    <Filter Include="Classes\Box2DTest">
      <UniqueIdentifier>{62f8841c-9b81-4c67-abd5-26f57ca7fd0c}</UniqueIdentifier>
    </Filter>
    <Filter Include="Classes\Box2DTestBed">
      <UniqueIdentifier>{11ad610a-fb2f-43a2-9d63-f2b3a4b49b1e}</UniqueIdentifier>
    </Filter>
    <Filter Include="Classes\BugsTest">
      <UniqueIdentifier>{83a5397c-1708-49c1-b30e-0089cde264b6}</UniqueIdentifier>
    </Filter>
    <Filter Include="Classes\ChipmunkTest">
      <UniqueIdentifier>{b38f8b28-b2fb-4686-8b65-ec28a4e90f17}</UniqueIdentifier>
    </Filter>
    <Filter Include="Classes\ClickAndMoveTest">
      <UniqueIdentifier>{b3234584-cced-452f-86e7-c8b922a89212}</UniqueIdentifier>
    </Filter>
    <Filter Include="Classes\ClippingNodeTest">
      <UniqueIdentifier>{b2ba6d8e-cc12-43e8-b060-079de979f179}</UniqueIdentifier>
    </Filter>
    <Filter Include="Classes\ConfigurationTest">
      <UniqueIdentifier>{b0835520-9123-472d-a8ba-ad347e624c73}</UniqueIdentifier>
    </Filter>
    <Filter Include="Classes\CocosDenshionTest">
      <UniqueIdentifier>{d6c06326-c5d0-4740-892d-c3661ba3466b}</UniqueIdentifier>
    </Filter>
    <Filter Include="Classes\CurlTest">
      <UniqueIdentifier>{293af10f-26aa-479b-8dad-34c7ba3a64fb}</UniqueIdentifier>
    </Filter>
    <Filter Include="Classes\CurrentLanguageTest">
      <UniqueIdentifier>{948abe1d-d7b4-44d2-9d6e-1658335c875b}</UniqueIdentifier>
    </Filter>
    <Filter Include="Classes\DataVisitorTest">
      <UniqueIdentifier>{e3ad324d-caa7-4fba-9500-e78c12c8a8a7}</UniqueIdentifier>
    </Filter>
    <Filter Include="Classes\DrawPrimitivesTest">
      <UniqueIdentifier>{b855fee5-b279-4905-ae95-0d9e377f21f3}</UniqueIdentifier>
    </Filter>
    <Filter Include="Classes\EffectsAdvancedTest">
      <UniqueIdentifier>{0e26bc43-a35c-4da4-b02d-3fd6532cbda8}</UniqueIdentifier>
    </Filter>
    <Filter Include="Classes\EffectsTest">
      <UniqueIdentifier>{5a827bfe-0d61-4f6d-aeb6-c01ffe0bdf1c}</UniqueIdentifier>
    </Filter>
    <Filter Include="Classes\ExtensionsTest">
      <UniqueIdentifier>{e01a91a8-2fac-4df3-94c7-a16a0c2a580c}</UniqueIdentifier>
    </Filter>
    <Filter Include="Classes\FileUtilsTest">
      <UniqueIdentifier>{3d0e7567-5a3c-4b0e-b62f-4ffc0d581b77}</UniqueIdentifier>
    </Filter>
    <Filter Include="Classes\FontTest">
      <UniqueIdentifier>{1356eadd-758c-4bc7-b143-a4cf5afaba21}</UniqueIdentifier>
    </Filter>
    <Filter Include="Classes\IntervalTest">
      <UniqueIdentifier>{cf2f2fd2-6501-460c-b716-de5443db3b8d}</UniqueIdentifier>
    </Filter>
    <Filter Include="Classes\KeypadTest">
      <UniqueIdentifier>{9de0c5df-dfe6-49ca-bd98-ada90f8abd6d}</UniqueIdentifier>
    </Filter>
    <Filter Include="Classes\LabelTest">
      <UniqueIdentifier>{87ec19ce-46f6-4da5-aee4-036c2bc12832}</UniqueIdentifier>
    </Filter>
    <Filter Include="Classes\LayerTest">
      <UniqueIdentifier>{7853b44b-2790-4d54-b216-2a36fe2ba005}</UniqueIdentifier>
    </Filter>
    <Filter Include="Classes\MenuTest">
      <UniqueIdentifier>{d28684eb-9cf9-4e51-a5fe-3a6d0e5ea5ab}</UniqueIdentifier>
    </Filter>
    <Filter Include="Classes\MotionStreakTest">
      <UniqueIdentifier>{ccf40a53-17ee-4ec8-8881-e55ad435f4ad}</UniqueIdentifier>
    </Filter>
    <Filter Include="Classes\MutiTouchTest">
      <UniqueIdentifier>{e7907f85-4ce0-45c3-b44f-82f66f8a076e}</UniqueIdentifier>
    </Filter>
    <Filter Include="Classes\NodeTest">
      <UniqueIdentifier>{7c01ceb8-bf20-4956-a875-9b88955dc2bd}</UniqueIdentifier>
    </Filter>
    <Filter Include="Classes\ParallaxTest">
      <UniqueIdentifier>{79fa1aff-9dd9-46fc-b6c5-92b57653fd98}</UniqueIdentifier>
    </Filter>
    <Filter Include="Classes\ParticleTest">
      <UniqueIdentifier>{5e129575-2b06-4a57-9913-7c368bd2ae39}</UniqueIdentifier>
    </Filter>
    <Filter Include="Classes\PerformanceTest">
      <UniqueIdentifier>{7eb1d8ca-d015-4b83-8ca5-98dcf313965a}</UniqueIdentifier>
    </Filter>
    <Filter Include="Classes\RenderTextureTest">
      <UniqueIdentifier>{ac867567-5389-4528-aa0d-e4b2e657aa1f}</UniqueIdentifier>
    </Filter>
    <Filter Include="Classes\RotateWorldTest">
      <UniqueIdentifier>{d90e6a29-4d14-4f6e-be5f-119136728a63}</UniqueIdentifier>
    </Filter>
    <Filter Include="Classes\SceneTest">
      <UniqueIdentifier>{ad9d7edd-7793-4c3c-8d3b-a761f8b8e181}</UniqueIdentifier>
    </Filter>
    <Filter Include="Classes\SchedulerTest">
      <UniqueIdentifier>{8f46efe1-48df-4430-ae4b-2c81f75744f3}</UniqueIdentifier>
    </Filter>
    <Filter Include="Classes\ShaderTest">
      <UniqueIdentifier>{6a346584-9f0c-4a3c-871e-63c18a483a35}</UniqueIdentifier>
    </Filter>
    <Filter Include="Classes\SpineTest">
      <UniqueIdentifier>{e9e9d7b6-6119-4f58-ad75-0b6eb7f74f24}</UniqueIdentifier>
    </Filter>
    <Filter Include="Classes\SpriteTest">
      <UniqueIdentifier>{26801310-0ed0-48d3-ab84-be008f939377}</UniqueIdentifier>
    </Filter>
    <Filter Include="Classes\TextInputTest">
      <UniqueIdentifier>{f992f8d6-4f95-48b7-9a21-51e1aa61fe48}</UniqueIdentifier>
    </Filter>
    <Filter Include="Classes\Texture2dTest">
      <UniqueIdentifier>{851f2e10-5931-4555-9237-f6449f6141df}</UniqueIdentifier>
    </Filter>
    <Filter Include="Classes\TextureCacheTest">
      <UniqueIdentifier>{070eea98-16eb-4838-b281-76adb9acf53e}</UniqueIdentifier>
    </Filter>
    <Filter Include="Classes\TexturePackerEncryptionTest">
      <UniqueIdentifier>{0e700882-0902-4619-96b0-04234e8f4e3b}</UniqueIdentifier>
    </Filter>
    <Filter Include="Classes\TileMapTest">
      <UniqueIdentifier>{579ff57a-98ec-4829-8d9a-3120e73b532f}</UniqueIdentifier>
    </Filter>
    <Filter Include="Classes\TouchesTest">
      <UniqueIdentifier>{4af77ded-5055-4e68-88af-dee53358c48b}</UniqueIdentifier>
    </Filter>
    <Filter Include="Classes\TransitionsTest">
      <UniqueIdentifier>{966effcc-1b77-41fb-b87e-2a4c232b0273}</UniqueIdentifier>
    </Filter>
    <Filter Include="Classes\UserDefaultTest">
      <UniqueIdentifier>{f0c5ffd3-e058-4cfd-854c-7654fa4ad886}</UniqueIdentifier>
    </Filter>
    <Filter Include="Classes\ZwoptexTest">
      <UniqueIdentifier>{fdc9b7d3-42a5-41ab-8ea3-40ca38edc86d}</UniqueIdentifier>
    </Filter>
    <Filter Include="Classes\Box2DTestBed\Tests">
      <UniqueIdentifier>{5ce77ece-2191-4e2b-b9cf-1727484a4ced}</UniqueIdentifier>
    </Filter>
    <Filter Include="Classes\BugsTest\Bug-458">
      <UniqueIdentifier>{193cbe2e-4b7d-48cb-8afa-410c566c1fb5}</UniqueIdentifier>
    </Filter>
    <Filter Include="Classes\ExtensionsTest\CocosBuilderTest">
      <UniqueIdentifier>{6f99dbda-4e95-44c3-9b39-7c8c628c49cb}</UniqueIdentifier>
    </Filter>
    <Filter Include="Classes\ExtensionsTest\CocoStudioActionTimelineTest">
      <UniqueIdentifier>{0aba42f2-f024-41ce-acb8-0216e19e4def}</UniqueIdentifier>
    </Filter>
    <Filter Include="Classes\ExtensionsTest\CocoStudioArmatureTest">
      <UniqueIdentifier>{dfca4163-aa5d-4556-bf91-8e5f237d2ff8}</UniqueIdentifier>
    </Filter>
    <Filter Include="Classes\ExtensionsTest\CocoStudioComponentsTest">
      <UniqueIdentifier>{5537cec4-f927-4688-96a4-44d557e96a26}</UniqueIdentifier>
    </Filter>
    <Filter Include="Classes\ExtensionsTest\CocoStudioGUITest">
      <UniqueIdentifier>{755a1bec-31a6-4b93-99d3-bfed36c64409}</UniqueIdentifier>
    </Filter>
    <Filter Include="Classes\ExtensionsTest\CocoStudioSceneTest">
      <UniqueIdentifier>{a554ecbe-04b0-4cab-b74c-26c08a878e84}</UniqueIdentifier>
    </Filter>
    <Filter Include="Classes\ExtensionsTest\ControlExtensionTest">
      <UniqueIdentifier>{a493c767-4290-4a51-b59f-3db72b1b644d}</UniqueIdentifier>
    </Filter>
    <Filter Include="Classes\ExtensionsTest\EditBoxTest">
      <UniqueIdentifier>{2e58d621-c746-4205-ba31-57be16bb325e}</UniqueIdentifier>
    </Filter>
    <Filter Include="Classes\ExtensionsTest\NetworkTest">
      <UniqueIdentifier>{24344f72-2d1a-40e4-9ad5-f64ebdb58f28}</UniqueIdentifier>
    </Filter>
    <Filter Include="Classes\ExtensionsTest\NotificationCenterTest">
      <UniqueIdentifier>{744e1919-41ed-45d3-ba5d-d0908f74e2b6}</UniqueIdentifier>
    </Filter>
    <Filter Include="Classes\ExtensionsTest\TableViewTest">
      <UniqueIdentifier>{6d7fc03d-27e7-40cd-9ff6-19597ad2f3a0}</UniqueIdentifier>
    </Filter>
    <Filter Include="Classes\ExtensionsTest\CocosBuilderTest\AnimationsTest">
      <UniqueIdentifier>{1625b34d-828b-4180-ad2e-d82f65d2bba6}</UniqueIdentifier>
    </Filter>
    <Filter Include="Classes\ExtensionsTest\CocosBuilderTest\ButtonTest">
      <UniqueIdentifier>{04dbcddc-9a09-40ef-b9c7-d6988936d340}</UniqueIdentifier>
    </Filter>
    <Filter Include="Classes\ExtensionsTest\CocosBuilderTest\HelloCocosBuilder">
      <UniqueIdentifier>{94cdf4b5-7295-4145-8211-7e5dcb3a17d2}</UniqueIdentifier>
    </Filter>
    <Filter Include="Classes\ExtensionsTest\CocosBuilderTest\LabelTest">
      <UniqueIdentifier>{b6fb2074-bd58-469a-b9a8-a2c32012e781}</UniqueIdentifier>
    </Filter>
    <Filter Include="Classes\ExtensionsTest\CocosBuilderTest\MenuTest">
      <UniqueIdentifier>{c8ea7b7f-0a93-4fb4-a537-565126033fa6}</UniqueIdentifier>
    </Filter>
    <Filter Include="Classes\ExtensionsTest\CocosBuilderTest\ParticleSystemTest">
      <UniqueIdentifier>{d6c41f4f-3ecd-4601-a314-f7a43e8fb08c}</UniqueIdentifier>
    </Filter>
    <Filter Include="Classes\ExtensionsTest\CocosBuilderTest\ScrollViewTest">
      <UniqueIdentifier>{f0be05e7-4b48-4773-b746-310fb7b849e5}</UniqueIdentifier>
    </Filter>
    <Filter Include="Classes\ExtensionsTest\CocosBuilderTest\SpriteTest">
      <UniqueIdentifier>{ad5f3bb7-e9cd-452e-a095-c7d0adefcc74}</UniqueIdentifier>
    </Filter>
    <Filter Include="Classes\ExtensionsTest\CocosBuilderTest\TestHeader">
      <UniqueIdentifier>{c1d93fd6-a568-4d9b-9eb7-13e993e2eeb2}</UniqueIdentifier>
    </Filter>
    <Filter Include="Classes\ExtensionsTest\CocosBuilderTest\TimelineCallbackTest">
      <UniqueIdentifier>{781d410f-fe85-4761-8d20-755f1c8e64ba}</UniqueIdentifier>
    </Filter>
    <Filter Include="Classes\ExtensionsTest\CocoStudioGUITest\CustomTest">
      <UniqueIdentifier>{491651fc-6546-4211-9c6f-eb9cb685c10b}</UniqueIdentifier>
    </Filter>
    <Filter Include="Classes\ExtensionsTest\CocoStudioGUITest\CustomWidget">
      <UniqueIdentifier>{56a305c7-e4ba-4b62-a569-e74a5a3c8f4b}</UniqueIdentifier>
    </Filter>
    <Filter Include="Classes\ExtensionsTest\CocoStudioGUITest\UIButtonTest">
      <UniqueIdentifier>{587a522d-6774-48b4-8800-ae0e5e4799eb}</UniqueIdentifier>
    </Filter>
    <Filter Include="Classes\ExtensionsTest\CocoStudioGUITest\UICheckBoxTest">
      <UniqueIdentifier>{2e7331cd-f019-46dd-92b2-0aa025a60b66}</UniqueIdentifier>
    </Filter>
    <Filter Include="Classes\ExtensionsTest\CocoStudioGUITest\UIImageViewTest">
      <UniqueIdentifier>{3d2faf1b-8735-4804-a77a-0f7cc0125c43}</UniqueIdentifier>
    </Filter>
    <Filter Include="Classes\ExtensionsTest\CocoStudioGUITest\UILabelAtlasTest">
      <UniqueIdentifier>{7bb4d0ff-97a5-4c73-9716-273b8ef2f1d5}</UniqueIdentifier>
    </Filter>
    <Filter Include="Classes\ExtensionsTest\CocoStudioGUITest\UILabelBMFontTest">
      <UniqueIdentifier>{4d6911d3-06f7-4c80-8ea2-fe065eff0f24}</UniqueIdentifier>
    </Filter>
    <Filter Include="Classes\ExtensionsTest\CocoStudioGUITest\UILabelTest">
      <UniqueIdentifier>{58e15276-61c0-47c0-b24c-09992f2977c8}</UniqueIdentifier>
    </Filter>
    <Filter Include="Classes\ExtensionsTest\CocoStudioGUITest\UIlayoutTest">
      <UniqueIdentifier>{c8faf66c-3be7-4c05-93d8-a9a2b4cab371}</UniqueIdentifier>
    </Filter>
    <Filter Include="Classes\ExtensionsTest\CocoStudioGUITest\UIListViewTest">
      <UniqueIdentifier>{f55a0d13-562d-400b-b07a-fd9901a71931}</UniqueIdentifier>
    </Filter>
    <Filter Include="Classes\ExtensionsTest\CocoStudioGUITest\UILoadingBarTest">
      <UniqueIdentifier>{ddfc470f-8639-4770-bc78-f7cd023a210a}</UniqueIdentifier>
    </Filter>
    <Filter Include="Classes\ExtensionsTest\CocoStudioGUITest\UIPageViewTest">
      <UniqueIdentifier>{3a3fad12-c5bd-4923-b557-d7bff65f1c25}</UniqueIdentifier>
    </Filter>
    <Filter Include="Classes\ExtensionsTest\CocoStudioGUITest\UIRichTextTest">
      <UniqueIdentifier>{9b2e55e4-b457-4b34-aa1c-9ee8089b9cd1}</UniqueIdentifier>
    </Filter>
    <Filter Include="Classes\ExtensionsTest\CocoStudioGUITest\UIScrollViewTest">
      <UniqueIdentifier>{af23442a-94be-4b5f-9e93-516dd794ec90}</UniqueIdentifier>
    </Filter>
    <Filter Include="Classes\ExtensionsTest\CocoStudioGUITest\UISliderTest">
      <UniqueIdentifier>{9905a5f8-fe7f-41d0-8950-50471afa8b9c}</UniqueIdentifier>
    </Filter>
    <Filter Include="Classes\ExtensionsTest\CocoStudioGUITest\UITextFieldTest">
      <UniqueIdentifier>{e54f3ce4-299d-48d1-8936-f8dd2cce8f3b}</UniqueIdentifier>
    </Filter>
    <Filter Include="Classes\ExtensionsTest\CocoStudioGUITest\UIWidgetAddNodeTest">
      <UniqueIdentifier>{b65c3c7d-256f-4f88-8727-ffd6d90131db}</UniqueIdentifier>
    </Filter>
    <Filter Include="Classes\ExtensionsTest\CocoStudioGUITest\CustomTest\CustomImageTest">
      <UniqueIdentifier>{f785811c-5046-44d7-a23d-0bb003723fbd}</UniqueIdentifier>
    </Filter>
    <Filter Include="Classes\ExtensionsTest\CocoStudioGUITest\CustomTest\CustomParticleWidgetTest">
      <UniqueIdentifier>{0558a06f-1e05-4877-8d5c-a03e482bc800}</UniqueIdentifier>
    </Filter>
    <Filter Include="Classes\ExtensionsTest\CocoStudioSceneTest\TriggerCode">
      <UniqueIdentifier>{28588984-21f9-4451-9458-175414655998}</UniqueIdentifier>
    </Filter>
    <Filter Include="Classes\ExtensionsTest\ControlExtensionTest\CCControlButtonTest">
      <UniqueIdentifier>{c518d8c1-8a7a-4b34-89f4-1e2951ce2e93}</UniqueIdentifier>
    </Filter>
    <Filter Include="Classes\ExtensionsTest\ControlExtensionTest\CCControlColourPicker">
      <UniqueIdentifier>{263d2e35-e5db-4862-96ce-7886348324ce}</UniqueIdentifier>
    </Filter>
    <Filter Include="Classes\ExtensionsTest\ControlExtensionTest\CCControlPotentiometerTest">
      <UniqueIdentifier>{aeea0c76-413a-4ddb-84c7-0b298c556e94}</UniqueIdentifier>
    </Filter>
    <Filter Include="Classes\ExtensionsTest\ControlExtensionTest\CCControlSliderTest">
      <UniqueIdentifier>{fe538774-0141-4d30-beb1-cf93f17929e8}</UniqueIdentifier>
    </Filter>
    <Filter Include="Classes\ExtensionsTest\ControlExtensionTest\CCControlStepperTest">
      <UniqueIdentifier>{75f582e2-8439-40c6-81dd-e9f48533d3db}</UniqueIdentifier>
    </Filter>
    <Filter Include="Classes\ExtensionsTest\ControlExtensionTest\CCControlSwitchTest">
      <UniqueIdentifier>{21ef9e53-7754-4ce8-94e5-6e37cab233b0}</UniqueIdentifier>
    </Filter>
  </ItemGroup>
  <ItemGroup>
    <ApplicationDefinition Include="App.xaml" />
  </ItemGroup>
  <ItemGroup>
    <ClCompile Include="App.xaml.cpp" />
    <ClCompile Include="..\..\..\..\cocos2dx\platform\win-8.1\Cocos2dEngine\Cocos2dRenderer.cpp">
      <Filter>Cocos2dEngine</Filter>
    </ClCompile>
    <ClCompile Include="..\..\..\..\cocos2dx\platform\win-8.1\Cocos2dEngine\OpenGLES.cpp">
      <Filter>Cocos2dEngine</Filter>
    </ClCompile>
    <ClCompile Include="..\..\..\..\cocos2dx\platform\win-8.1\Cocos2dEngine\pch.cpp">
      <Filter>Cocos2dEngine</Filter>
    </ClCompile>
    <ClCompile Include="..\Classes\AppDelegate.cpp">
      <Filter>Classes</Filter>
    </ClCompile>
    <ClCompile Include="..\Classes\controller.cpp">
      <Filter>Classes</Filter>
    </ClCompile>
    <ClCompile Include="..\Classes\testBasic.cpp">
      <Filter>Classes</Filter>
    </ClCompile>
    <ClCompile Include="..\Classes\VisibleRect.cpp">
      <Filter>Classes</Filter>
    </ClCompile>
    <ClCompile Include="..\..\..\..\cocos2dx\platform\win-8.1\Cocos2dEngine\OpenGLESPage.xaml.cpp" />
    <ClCompile Include="..\Classes\AccelerometerTest\AccelerometerTest.cpp">
      <Filter>Classes\AccelerometerTest</Filter>
    </ClCompile>
    <ClCompile Include="..\Classes\ActionManagerTest\ActionManagerTest.cpp">
      <Filter>Classes\ActionManagerTest</Filter>
    </ClCompile>
    <ClCompile Include="..\Classes\ActionsEaseTest\ActionsEaseTest.cpp">
      <Filter>Classes\ActionsEaseTest</Filter>
    </ClCompile>
    <ClCompile Include="..\Classes\ActionsProgressTest\ActionsProgressTest.cpp">
      <Filter>Classes\ActionsProgressTest</Filter>
    </ClCompile>
    <ClCompile Include="..\Classes\ActionsTest\ActionsTest.cpp">
      <Filter>Classes\ActionsTest</Filter>
    </ClCompile>
    <ClCompile Include="..\Classes\Box2DTest\Box2dTest.cpp">
      <Filter>Classes\Box2DTest</Filter>
    </ClCompile>
    <ClCompile Include="..\Classes\Box2DTestBed\Box2dView.cpp">
      <Filter>Classes\Box2DTestBed</Filter>
    </ClCompile>
    <ClCompile Include="..\Classes\Box2DTestBed\GLES-Render.cpp">
      <Filter>Classes\Box2DTestBed</Filter>
    </ClCompile>
    <ClCompile Include="..\Classes\Box2DTestBed\Test.cpp">
      <Filter>Classes\Box2DTestBed</Filter>
    </ClCompile>
    <ClCompile Include="..\Classes\Box2DTestBed\TestEntries.cpp">
      <Filter>Classes\Box2DTestBed</Filter>
    </ClCompile>
    <ClCompile Include="..\Classes\BugsTest\Bug-350.cpp">
      <Filter>Classes\BugsTest</Filter>
    </ClCompile>
    <ClCompile Include="..\Classes\BugsTest\Bug-422.cpp">
      <Filter>Classes\BugsTest</Filter>
    </ClCompile>
    <ClCompile Include="..\Classes\BugsTest\Bug-624.cpp">
      <Filter>Classes\BugsTest</Filter>
    </ClCompile>
    <ClCompile Include="..\Classes\BugsTest\Bug-886.cpp">
      <Filter>Classes\BugsTest</Filter>
    </ClCompile>
    <ClCompile Include="..\Classes\BugsTest\Bug-899.cpp">
      <Filter>Classes\BugsTest</Filter>
    </ClCompile>
    <ClCompile Include="..\Classes\BugsTest\Bug-914.cpp">
      <Filter>Classes\BugsTest</Filter>
    </ClCompile>
    <ClCompile Include="..\Classes\BugsTest\Bug-1159.cpp">
      <Filter>Classes\BugsTest</Filter>
    </ClCompile>
    <ClCompile Include="..\Classes\BugsTest\Bug-1174.cpp">
      <Filter>Classes\BugsTest</Filter>
    </ClCompile>
    <ClCompile Include="..\Classes\BugsTest\BugsTest.cpp">
      <Filter>Classes\BugsTest</Filter>
    </ClCompile>
    <ClCompile Include="..\Classes\BugsTest\Bug-458\Bug-458.cpp">
      <Filter>Classes\BugsTest\Bug-458</Filter>
    </ClCompile>
    <ClCompile Include="..\Classes\BugsTest\Bug-458\QuestionContainerSprite.cpp">
      <Filter>Classes\BugsTest\Bug-458</Filter>
    </ClCompile>
    <ClCompile Include="..\Classes\ChipmunkTest\ChipmunkTest.cpp">
      <Filter>Classes\ChipmunkTest</Filter>
    </ClCompile>
    <ClCompile Include="..\Classes\ClickAndMoveTest\ClickAndMoveTest.cpp">
      <Filter>Classes\ClickAndMoveTest</Filter>
    </ClCompile>
    <ClCompile Include="..\Classes\ClippingNodeTest\ClippingNodeTest.cpp">
      <Filter>Classes\ClippingNodeTest</Filter>
    </ClCompile>
    <ClCompile Include="..\Classes\CocosDenshionTest\CocosDenshionTest.cpp">
      <Filter>Classes\CocosDenshionTest</Filter>
    </ClCompile>
    <ClCompile Include="..\Classes\ConfigurationTest\ConfigurationTest.cpp">
      <Filter>Classes\ConfigurationTest</Filter>
    </ClCompile>
    <ClCompile Include="..\Classes\CurlTest\CurlTest.cpp">
      <Filter>Classes\CurlTest</Filter>
    </ClCompile>
    <ClCompile Include="..\Classes\CurrentLanguageTest\CurrentLanguageTest.cpp">
      <Filter>Classes\CurrentLanguageTest</Filter>
    </ClCompile>
    <ClCompile Include="..\Classes\DataVisitorTest\DataVisitorTest.cpp">
      <Filter>Classes\DataVisitorTest</Filter>
    </ClCompile>
    <ClCompile Include="..\Classes\DrawPrimitivesTest\DrawPrimitivesTest.cpp">
      <Filter>Classes\DrawPrimitivesTest</Filter>
    </ClCompile>
    <ClCompile Include="..\Classes\EffectsAdvancedTest\EffectsAdvancedTest.cpp">
      <Filter>Classes\EffectsAdvancedTest</Filter>
    </ClCompile>
    <ClCompile Include="..\Classes\EffectsTest\EffectsTest.cpp">
      <Filter>Classes\EffectsTest</Filter>
    </ClCompile>
    <ClCompile Include="..\Classes\FileUtilsTest\FileUtilsTest.cpp">
      <Filter>Classes\FileUtilsTest</Filter>
    </ClCompile>
    <ClCompile Include="..\Classes\FontTest\FontTest.cpp">
      <Filter>Classes\FontTest</Filter>
    </ClCompile>
    <ClCompile Include="..\Classes\IntervalTest\IntervalTest.cpp">
      <Filter>Classes\IntervalTest</Filter>
    </ClCompile>
    <ClCompile Include="..\Classes\KeypadTest\KeypadTest.cpp">
      <Filter>Classes\KeypadTest</Filter>
    </ClCompile>
    <ClCompile Include="..\Classes\LabelTest\LabelTest.cpp">
      <Filter>Classes\LabelTest</Filter>
    </ClCompile>
    <ClCompile Include="..\Classes\LayerTest\LayerTest.cpp">
      <Filter>Classes\LayerTest</Filter>
    </ClCompile>
    <ClCompile Include="..\Classes\MenuTest\MenuTest.cpp">
      <Filter>Classes\MenuTest</Filter>
    </ClCompile>
    <ClCompile Include="..\Classes\MotionStreakTest\MotionStreakTest.cpp">
      <Filter>Classes\MotionStreakTest</Filter>
    </ClCompile>
    <ClCompile Include="..\Classes\MutiTouchTest\MutiTouchTest.cpp">
      <Filter>Classes\MutiTouchTest</Filter>
    </ClCompile>
    <ClCompile Include="..\Classes\NodeTest\NodeTest.cpp">
      <Filter>Classes\NodeTest</Filter>
    </ClCompile>
    <ClCompile Include="..\Classes\ParallaxTest\ParallaxTest.cpp">
      <Filter>Classes\ParallaxTest</Filter>
    </ClCompile>
    <ClCompile Include="..\Classes\ParticleTest\ParticleTest.cpp">
      <Filter>Classes\ParticleTest</Filter>
    </ClCompile>
    <ClCompile Include="..\Classes\PerformanceTest\PerformanceAllocTest.cpp">
      <Filter>Classes\PerformanceTest</Filter>
    </ClCompile>
    <ClCompile Include="..\Classes\PerformanceTest\PerformanceNodeChildrenTest.cpp">
      <Filter>Classes\PerformanceTest</Filter>
    </ClCompile>
    <ClCompile Include="..\Classes\PerformanceTest\PerformanceParticleTest.cpp">
      <Filter>Classes\PerformanceTest</Filter>
    </ClCompile>
    <ClCompile Include="..\Classes\PerformanceTest\PerformanceSpriteTest.cpp">
      <Filter>Classes\PerformanceTest</Filter>
    </ClCompile>
    <ClCompile Include="..\Classes\PerformanceTest\PerformanceTest.cpp">
      <Filter>Classes\PerformanceTest</Filter>
    </ClCompile>
    <ClCompile Include="..\Classes\PerformanceTest\PerformanceTextureTest.cpp">
      <Filter>Classes\PerformanceTest</Filter>
    </ClCompile>
    <ClCompile Include="..\Classes\PerformanceTest\PerformanceTouchesTest.cpp">
      <Filter>Classes\PerformanceTest</Filter>
    </ClCompile>
    <ClCompile Include="..\Classes\RenderTextureTest\RenderTextureTest.cpp">
      <Filter>Classes\RenderTextureTest</Filter>
    </ClCompile>
    <ClCompile Include="..\Classes\RotateWorldTest\RotateWorldTest.cpp">
      <Filter>Classes\RotateWorldTest</Filter>
    </ClCompile>
    <ClCompile Include="..\Classes\SceneTest\SceneTest.cpp">
      <Filter>Classes\SceneTest</Filter>
    </ClCompile>
    <ClCompile Include="..\Classes\SchedulerTest\SchedulerTest.cpp">
      <Filter>Classes\SchedulerTest</Filter>
    </ClCompile>
    <ClCompile Include="..\Classes\ShaderTest\ShaderTest.cpp">
      <Filter>Classes\ShaderTest</Filter>
    </ClCompile>
    <ClCompile Include="..\Classes\SpineTest\SpineTest.cpp">
      <Filter>Classes\SpineTest</Filter>
    </ClCompile>
    <ClCompile Include="..\Classes\SpriteTest\SpriteTest.cpp">
      <Filter>Classes\SpriteTest</Filter>
    </ClCompile>
    <ClCompile Include="..\Classes\TextInputTest\TextInputTest.cpp">
      <Filter>Classes\TextInputTest</Filter>
    </ClCompile>
    <ClCompile Include="..\Classes\Texture2dTest\Texture2dTest.cpp">
      <Filter>Classes\Texture2dTest</Filter>
    </ClCompile>
    <ClCompile Include="..\Classes\TextureCacheTest\TextureCacheTest.cpp">
      <Filter>Classes\TextureCacheTest</Filter>
    </ClCompile>
    <ClCompile Include="..\Classes\TexturePackerEncryptionTest\TextureAtlasEncryptionTest.cpp">
      <Filter>Classes\TexturePackerEncryptionTest</Filter>
    </ClCompile>
    <ClCompile Include="..\Classes\TileMapTest\TileMapTest.cpp">
      <Filter>Classes\TileMapTest</Filter>
    </ClCompile>
    <ClCompile Include="..\Classes\TouchesTest\Ball.cpp">
      <Filter>Classes\TouchesTest</Filter>
    </ClCompile>
    <ClCompile Include="..\Classes\TouchesTest\Paddle.cpp">
      <Filter>Classes\TouchesTest</Filter>
    </ClCompile>
    <ClCompile Include="..\Classes\TouchesTest\TouchesTest.cpp">
      <Filter>Classes\TouchesTest</Filter>
    </ClCompile>
    <ClCompile Include="..\Classes\TransitionsTest\TransitionsTest.cpp">
      <Filter>Classes\TransitionsTest</Filter>
    </ClCompile>
    <ClCompile Include="..\Classes\UserDefaultTest\UserDefaultTest.cpp">
      <Filter>Classes\UserDefaultTest</Filter>
    </ClCompile>
    <ClCompile Include="..\Classes\ZwoptexTest\ZwoptexTest.cpp">
      <Filter>Classes\ZwoptexTest</Filter>
    </ClCompile>
    <ClCompile Include="..\Classes\ExtensionsTest\ExtensionsTest.cpp">
      <Filter>Classes\ExtensionsTest</Filter>
    </ClCompile>
    <ClCompile Include="..\Classes\ExtensionsTest\CocosBuilderTest\CocosBuilderTest.cpp">
      <Filter>Classes\ExtensionsTest\CocosBuilderTest</Filter>
    </ClCompile>
    <ClCompile Include="..\Classes\ExtensionsTest\CocosBuilderTest\AnimationsTest\AnimationsTestLayer.cpp">
      <Filter>Classes\ExtensionsTest\CocosBuilderTest\AnimationsTest</Filter>
    </ClCompile>
    <ClCompile Include="..\Classes\ExtensionsTest\CocosBuilderTest\ButtonTest\ButtonTestLayer.cpp">
      <Filter>Classes\ExtensionsTest\CocosBuilderTest\ButtonTest</Filter>
    </ClCompile>
    <ClCompile Include="..\Classes\ExtensionsTest\CocosBuilderTest\HelloCocosBuilder\HelloCocosBuilderLayer.cpp">
      <Filter>Classes\ExtensionsTest\CocosBuilderTest\HelloCocosBuilder</Filter>
    </ClCompile>
    <ClCompile Include="..\Classes\ExtensionsTest\CocosBuilderTest\MenuTest\MenuTestLayer.cpp">
      <Filter>Classes\ExtensionsTest\CocosBuilderTest\MenuTest</Filter>
    </ClCompile>
    <ClCompile Include="..\Classes\ExtensionsTest\CocosBuilderTest\TestHeader\TestHeaderLayer.cpp">
      <Filter>Classes\ExtensionsTest\CocosBuilderTest\TestHeader</Filter>
    </ClCompile>
    <ClCompile Include="..\Classes\ExtensionsTest\CocosBuilderTest\TimelineCallbackTest\TimelineCallbackTestLayer.cpp">
      <Filter>Classes\ExtensionsTest\CocosBuilderTest\TimelineCallbackTest</Filter>
    </ClCompile>
    <ClCompile Include="..\Classes\ExtensionsTest\CocoStudioActionTimelineTest\ActionTimelineTestScene.cpp">
      <Filter>Classes\ExtensionsTest\CocoStudioActionTimelineTest</Filter>
    </ClCompile>
    <ClCompile Include="..\Classes\ExtensionsTest\CocoStudioArmatureTest\ArmatureScene.cpp">
      <Filter>Classes\ExtensionsTest\CocoStudioArmatureTest</Filter>
    </ClCompile>
    <ClCompile Include="..\Classes\ExtensionsTest\CocoStudioComponentsTest\ComponentsTestScene.cpp">
      <Filter>Classes\ExtensionsTest\CocoStudioComponentsTest</Filter>
    </ClCompile>
    <ClCompile Include="..\Classes\ExtensionsTest\CocoStudioComponentsTest\EnemyController.cpp">
      <Filter>Classes\ExtensionsTest\CocoStudioComponentsTest</Filter>
    </ClCompile>
    <ClCompile Include="..\Classes\ExtensionsTest\CocoStudioComponentsTest\GameOverScene.cpp">
      <Filter>Classes\ExtensionsTest\CocoStudioComponentsTest</Filter>
    </ClCompile>
    <ClCompile Include="..\Classes\ExtensionsTest\CocoStudioComponentsTest\PlayerController.cpp">
      <Filter>Classes\ExtensionsTest\CocoStudioComponentsTest</Filter>
    </ClCompile>
    <ClCompile Include="..\Classes\ExtensionsTest\CocoStudioComponentsTest\ProjectileController.cpp">
      <Filter>Classes\ExtensionsTest\CocoStudioComponentsTest</Filter>
    </ClCompile>
    <ClCompile Include="..\Classes\ExtensionsTest\CocoStudioComponentsTest\SceneController.cpp">
      <Filter>Classes\ExtensionsTest\CocoStudioComponentsTest</Filter>
    </ClCompile>
    <ClCompile Include="..\Classes\ExtensionsTest\CocoStudioGUITest\CocosGUIScene.cpp">
      <Filter>Classes\ExtensionsTest\CocoStudioGUITest</Filter>
    </ClCompile>
    <ClCompile Include="..\Classes\ExtensionsTest\CocoStudioGUITest\CocoStudioGUITest.cpp">
      <Filter>Classes\ExtensionsTest\CocoStudioGUITest</Filter>
    </ClCompile>
    <ClCompile Include="..\Classes\ExtensionsTest\CocoStudioGUITest\CustomGUIScene.cpp">
      <Filter>Classes\ExtensionsTest\CocoStudioGUITest</Filter>
    </ClCompile>
    <ClCompile Include="..\Classes\ExtensionsTest\CocoStudioGUITest\GUIEditorTest.cpp">
      <Filter>Classes\ExtensionsTest\CocoStudioGUITest</Filter>
    </ClCompile>
    <ClCompile Include="..\Classes\ExtensionsTest\CocoStudioGUITest\UIScene.cpp">
      <Filter>Classes\ExtensionsTest\CocoStudioGUITest</Filter>
    </ClCompile>
    <ClCompile Include="..\Classes\ExtensionsTest\CocoStudioGUITest\UIScene_Editor.cpp">
      <Filter>Classes\ExtensionsTest\CocoStudioGUITest</Filter>
    </ClCompile>
    <ClCompile Include="..\Classes\ExtensionsTest\CocoStudioGUITest\UISceneManager.cpp">
      <Filter>Classes\ExtensionsTest\CocoStudioGUITest</Filter>
    </ClCompile>
    <ClCompile Include="..\Classes\ExtensionsTest\CocoStudioGUITest\UISceneManager_Editor.cpp">
      <Filter>Classes\ExtensionsTest\CocoStudioGUITest</Filter>
    </ClCompile>
    <ClCompile Include="..\Classes\ExtensionsTest\CocoStudioGUITest\CustomTest\CustomImageTest\CustomImageTest.cpp">
      <Filter>Classes\ExtensionsTest\CocoStudioGUITest\CustomTest\CustomImageTest</Filter>
    </ClCompile>
    <ClCompile Include="..\Classes\ExtensionsTest\CocoStudioGUITest\CustomTest\CustomParticleWidgetTest\CustomParticleWidgetTest.cpp">
      <Filter>Classes\ExtensionsTest\CocoStudioGUITest\CustomTest\CustomParticleWidgetTest</Filter>
    </ClCompile>
    <ClCompile Include="..\Classes\ExtensionsTest\CocoStudioGUITest\CustomWidget\CustomImageView.cpp">
      <Filter>Classes\ExtensionsTest\CocoStudioGUITest\CustomWidget</Filter>
    </ClCompile>
    <ClCompile Include="..\Classes\ExtensionsTest\CocoStudioGUITest\CustomWidget\CustomImageViewReader.cpp">
      <Filter>Classes\ExtensionsTest\CocoStudioGUITest\CustomWidget</Filter>
    </ClCompile>
    <ClCompile Include="..\Classes\ExtensionsTest\CocoStudioGUITest\CustomWidget\CustomParticleWidget.cpp">
      <Filter>Classes\ExtensionsTest\CocoStudioGUITest\CustomWidget</Filter>
    </ClCompile>
    <ClCompile Include="..\Classes\ExtensionsTest\CocoStudioGUITest\CustomWidget\CustomParticleWidgetReader.cpp">
      <Filter>Classes\ExtensionsTest\CocoStudioGUITest\CustomWidget</Filter>
    </ClCompile>
    <ClCompile Include="..\Classes\ExtensionsTest\CocoStudioGUITest\CustomWidget\CustomReader.cpp">
      <Filter>Classes\ExtensionsTest\CocoStudioGUITest\CustomWidget</Filter>
    </ClCompile>
    <ClCompile Include="..\Classes\ExtensionsTest\CocoStudioGUITest\UIButtonTest\UIButtonTest.cpp">
      <Filter>Classes\ExtensionsTest\CocoStudioGUITest\UIButtonTest</Filter>
    </ClCompile>
    <ClCompile Include="..\Classes\ExtensionsTest\CocoStudioGUITest\UIButtonTest\UIButtonTest_Editor.cpp">
      <Filter>Classes\ExtensionsTest\CocoStudioGUITest\UIButtonTest</Filter>
    </ClCompile>
    <ClCompile Include="..\Classes\ExtensionsTest\CocoStudioGUITest\UICheckBoxTest\UICheckBoxTest.cpp">
      <Filter>Classes\ExtensionsTest\CocoStudioGUITest\UICheckBoxTest</Filter>
    </ClCompile>
    <ClCompile Include="..\Classes\ExtensionsTest\CocoStudioGUITest\UICheckBoxTest\UICheckBoxTest_Editor.cpp">
      <Filter>Classes\ExtensionsTest\CocoStudioGUITest\UICheckBoxTest</Filter>
    </ClCompile>
    <ClCompile Include="..\Classes\ExtensionsTest\CocoStudioGUITest\UIImageViewTest\UIImageViewTest.cpp">
      <Filter>Classes\ExtensionsTest\CocoStudioGUITest\UIImageViewTest</Filter>
    </ClCompile>
    <ClCompile Include="..\Classes\ExtensionsTest\CocoStudioGUITest\UIImageViewTest\UIImageViewTest_Editor.cpp">
      <Filter>Classes\ExtensionsTest\CocoStudioGUITest\UIImageViewTest</Filter>
    </ClCompile>
    <ClCompile Include="..\Classes\ExtensionsTest\CocoStudioGUITest\UILabelAtlasTest\UILabelAtlasTest.cpp">
      <Filter>Classes\ExtensionsTest\CocoStudioGUITest\UILabelAtlasTest</Filter>
    </ClCompile>
    <ClCompile Include="..\Classes\ExtensionsTest\CocoStudioGUITest\UILabelAtlasTest\UILabelAtlasTest_Editor.cpp">
      <Filter>Classes\ExtensionsTest\CocoStudioGUITest\UILabelAtlasTest</Filter>
    </ClCompile>
    <ClCompile Include="..\Classes\ExtensionsTest\CocoStudioGUITest\UILabelBMFontTest\UILabelBMFontTest.cpp">
      <Filter>Classes\ExtensionsTest\CocoStudioGUITest\UILabelBMFontTest</Filter>
    </ClCompile>
    <ClCompile Include="..\Classes\ExtensionsTest\CocoStudioGUITest\UILabelBMFontTest\UILabelBMFontTest_Editor.cpp">
      <Filter>Classes\ExtensionsTest\CocoStudioGUITest\UILabelBMFontTest</Filter>
    </ClCompile>
    <ClCompile Include="..\Classes\ExtensionsTest\CocoStudioGUITest\UILabelTest\UILabelTest.cpp">
      <Filter>Classes\ExtensionsTest\CocoStudioGUITest\UILabelTest</Filter>
    </ClCompile>
    <ClCompile Include="..\Classes\ExtensionsTest\CocoStudioGUITest\UILabelTest\UILabelTest_Editor.cpp">
      <Filter>Classes\ExtensionsTest\CocoStudioGUITest\UILabelTest</Filter>
    </ClCompile>
    <ClCompile Include="..\Classes\ExtensionsTest\CocoStudioGUITest\UILayoutTest\UILayoutTest.cpp">
      <Filter>Classes\ExtensionsTest\CocoStudioGUITest\UIlayoutTest</Filter>
    </ClCompile>
    <ClCompile Include="..\Classes\ExtensionsTest\CocoStudioGUITest\UILayoutTest\UILayoutTest_Editor.cpp">
      <Filter>Classes\ExtensionsTest\CocoStudioGUITest\UIlayoutTest</Filter>
    </ClCompile>
    <ClCompile Include="..\Classes\ExtensionsTest\CocoStudioGUITest\UIListViewTest\UIListViewTest.cpp">
      <Filter>Classes\ExtensionsTest\CocoStudioGUITest\UIListViewTest</Filter>
    </ClCompile>
    <ClCompile Include="..\Classes\ExtensionsTest\CocoStudioGUITest\UIListViewTest\UIListViewTest_Editor.cpp">
      <Filter>Classes\ExtensionsTest\CocoStudioGUITest\UIListViewTest</Filter>
    </ClCompile>
    <ClCompile Include="..\Classes\ExtensionsTest\CocoStudioGUITest\UILoadingBarTest\UILoadingBarTest.cpp">
      <Filter>Classes\ExtensionsTest\CocoStudioGUITest\UILoadingBarTest</Filter>
    </ClCompile>
    <ClCompile Include="..\Classes\ExtensionsTest\CocoStudioGUITest\UILoadingBarTest\UILoadingBarTest_Editor.cpp">
      <Filter>Classes\ExtensionsTest\CocoStudioGUITest\UILoadingBarTest</Filter>
    </ClCompile>
    <ClCompile Include="..\Classes\ExtensionsTest\CocoStudioGUITest\UIPageViewTest\UIPageViewTest.cpp">
      <Filter>Classes\ExtensionsTest\CocoStudioGUITest\UIPageViewTest</Filter>
    </ClCompile>
    <ClCompile Include="..\Classes\ExtensionsTest\CocoStudioGUITest\UIPageViewTest\UIPageViewTest_Editor.cpp">
      <Filter>Classes\ExtensionsTest\CocoStudioGUITest\UIPageViewTest</Filter>
    </ClCompile>
    <ClCompile Include="..\Classes\ExtensionsTest\CocoStudioGUITest\UIRichTextTest\UIRichTextTest.cpp">
      <Filter>Classes\ExtensionsTest\CocoStudioGUITest\UIRichTextTest</Filter>
    </ClCompile>
    <ClCompile Include="..\Classes\ExtensionsTest\CocoStudioGUITest\UIScrollViewTest\UIScrollViewTest.cpp">
      <Filter>Classes\ExtensionsTest\CocoStudioGUITest\UIScrollViewTest</Filter>
    </ClCompile>
    <ClCompile Include="..\Classes\ExtensionsTest\CocoStudioGUITest\UIScrollViewTest\UIScrollViewTest_Editor.cpp">
      <Filter>Classes\ExtensionsTest\CocoStudioGUITest\UIScrollViewTest</Filter>
    </ClCompile>
    <ClCompile Include="..\Classes\ExtensionsTest\CocoStudioGUITest\UISliderTest\UISliderTest.cpp">
      <Filter>Classes\ExtensionsTest\CocoStudioGUITest\UISliderTest</Filter>
    </ClCompile>
    <ClCompile Include="..\Classes\ExtensionsTest\CocoStudioGUITest\UISliderTest\UISliderTest_Editor.cpp">
      <Filter>Classes\ExtensionsTest\CocoStudioGUITest\UISliderTest</Filter>
    </ClCompile>
    <ClCompile Include="..\Classes\ExtensionsTest\CocoStudioGUITest\UITextFieldTest\UITextFieldTest.cpp">
      <Filter>Classes\ExtensionsTest\CocoStudioGUITest\UITextFieldTest</Filter>
    </ClCompile>
    <ClCompile Include="..\Classes\ExtensionsTest\CocoStudioGUITest\UITextFieldTest\UITextFieldTest_Editor.cpp">
      <Filter>Classes\ExtensionsTest\CocoStudioGUITest\UITextFieldTest</Filter>
    </ClCompile>
    <ClCompile Include="..\Classes\ExtensionsTest\CocoStudioGUITest\UIWidgetAddNodeTest\UIWidgetAddNodeTest.cpp">
      <Filter>Classes\ExtensionsTest\CocoStudioGUITest\UIWidgetAddNodeTest</Filter>
    </ClCompile>
    <ClCompile Include="..\Classes\ExtensionsTest\CocoStudioGUITest\UIWidgetAddNodeTest\UIWidgetAddNodeTest_Editor.cpp">
      <Filter>Classes\ExtensionsTest\CocoStudioGUITest\UIWidgetAddNodeTest</Filter>
    </ClCompile>
    <ClCompile Include="..\Classes\ExtensionsTest\CocoStudioSceneTest\SceneEditorTest.cpp">
      <Filter>Classes\ExtensionsTest\CocoStudioSceneTest</Filter>
    </ClCompile>
    <ClCompile Include="..\Classes\ExtensionsTest\CocoStudioSceneTest\TriggerCode\acts.cpp">
      <Filter>Classes\ExtensionsTest\CocoStudioSceneTest\TriggerCode</Filter>
    </ClCompile>
    <ClCompile Include="..\Classes\ExtensionsTest\CocoStudioSceneTest\TriggerCode\cons.cpp">
      <Filter>Classes\ExtensionsTest\CocoStudioSceneTest\TriggerCode</Filter>
    </ClCompile>
    <ClCompile Include="..\Classes\ExtensionsTest\ControlExtensionTest\CCControlScene.cpp">
      <Filter>Classes\ExtensionsTest\ControlExtensionTest</Filter>
    </ClCompile>
    <ClCompile Include="..\Classes\ExtensionsTest\ControlExtensionTest\CCControlSceneManager.cpp">
      <Filter>Classes\ExtensionsTest\ControlExtensionTest</Filter>
    </ClCompile>
    <ClCompile Include="..\Classes\ExtensionsTest\ControlExtensionTest\CCControlButtonTest\CCControlButtonTest.cpp">
      <Filter>Classes\ExtensionsTest\ControlExtensionTest\CCControlButtonTest</Filter>
    </ClCompile>
    <ClCompile Include="..\Classes\ExtensionsTest\ControlExtensionTest\CCControlColourPicker\CCControlColourPickerTest.cpp">
      <Filter>Classes\ExtensionsTest\ControlExtensionTest\CCControlColourPicker</Filter>
    </ClCompile>
    <ClCompile Include="..\Classes\ExtensionsTest\ControlExtensionTest\CCControlPotentiometerTest\CCControlPotentiometerTest.cpp">
      <Filter>Classes\ExtensionsTest\ControlExtensionTest\CCControlPotentiometerTest</Filter>
    </ClCompile>
    <ClCompile Include="..\Classes\ExtensionsTest\ControlExtensionTest\CCControlSliderTest\CCControlSliderTest.cpp">
      <Filter>Classes\ExtensionsTest\ControlExtensionTest\CCControlSliderTest</Filter>
    </ClCompile>
    <ClCompile Include="..\Classes\ExtensionsTest\ControlExtensionTest\CCControlStepperTest\CCControlStepperTest.cpp">
      <Filter>Classes\ExtensionsTest\ControlExtensionTest\CCControlStepperTest</Filter>
    </ClCompile>
    <ClCompile Include="..\Classes\ExtensionsTest\ControlExtensionTest\CCControlSwitchTest\CCControlSwitchTest.cpp">
      <Filter>Classes\ExtensionsTest\ControlExtensionTest\CCControlSwitchTest</Filter>
    </ClCompile>
    <ClCompile Include="..\Classes\ExtensionsTest\EditBoxTest\EditBoxTest.cpp">
      <Filter>Classes\ExtensionsTest\EditBoxTest</Filter>
    </ClCompile>
    <ClCompile Include="..\Classes\ExtensionsTest\NetworkTest\HttpClientTest.cpp">
      <Filter>Classes\ExtensionsTest\NetworkTest</Filter>
    </ClCompile>
    <ClCompile Include="..\Classes\ExtensionsTest\NetworkTest\WebSocketTest.cpp">
      <Filter>Classes\ExtensionsTest\NetworkTest</Filter>
    </ClCompile>
    <ClCompile Include="..\Classes\ExtensionsTest\NotificationCenterTest\NotificationCenterTest.cpp">
      <Filter>Classes\ExtensionsTest\NotificationCenterTest</Filter>
    </ClCompile>
    <ClCompile Include="..\Classes\ExtensionsTest\TableViewTest\CustomTableViewCell.cpp">
      <Filter>Classes\ExtensionsTest\TableViewTest</Filter>
    </ClCompile>
    <ClCompile Include="..\Classes\ExtensionsTest\TableViewTest\TableViewTestScene.cpp">
      <Filter>Classes\ExtensionsTest\TableViewTest</Filter>
    </ClCompile>
  </ItemGroup>
  <ItemGroup>
    <ClInclude Include="App.xaml.h" />
    <ClInclude Include="..\..\..\..\cocos2dx\platform\win-8.1\Cocos2dEngine\Cocos2dRenderer.h">
      <Filter>Cocos2dEngine</Filter>
    </ClInclude>
    <ClInclude Include="..\..\..\..\cocos2dx\platform\win-8.1\Cocos2dEngine\OpenGLES.h">
      <Filter>Cocos2dEngine</Filter>
    </ClInclude>
    <ClInclude Include="..\..\..\..\cocos2dx\platform\win-8.1\Cocos2dEngine\pch.h">
      <Filter>Cocos2dEngine</Filter>
    </ClInclude>
    <ClInclude Include="..\Classes\AppDelegate.h">
      <Filter>Classes</Filter>
    </ClInclude>
    <ClInclude Include="..\Classes\controller.h">
      <Filter>Classes</Filter>
    </ClInclude>
    <ClInclude Include="..\Classes\testBasic.h">
      <Filter>Classes</Filter>
    </ClInclude>
    <ClInclude Include="..\Classes\testResource.h">
      <Filter>Classes</Filter>
    </ClInclude>
    <ClInclude Include="..\Classes\tests.h">
      <Filter>Classes</Filter>
    </ClInclude>
    <ClInclude Include="..\Classes\VisibleRect.h">
      <Filter>Classes</Filter>
    </ClInclude>
    <ClInclude Include="..\..\..\..\cocos2dx\platform\win-8.1\Cocos2dEngine\OpenGLESPage.xaml.h" />
    <ClInclude Include="..\Classes\AccelerometerTest\AccelerometerTest.h">
      <Filter>Classes\AccelerometerTest</Filter>
    </ClInclude>
    <ClInclude Include="..\Classes\ActionManagerTest\ActionManagerTest.h">
      <Filter>Classes\ActionManagerTest</Filter>
    </ClInclude>
    <ClInclude Include="..\Classes\ActionsEaseTest\ActionsEaseTest.h">
      <Filter>Classes\ActionsEaseTest</Filter>
    </ClInclude>
    <ClInclude Include="..\Classes\ActionsProgressTest\ActionsProgressTest.h">
      <Filter>Classes\ActionsProgressTest</Filter>
    </ClInclude>
    <ClInclude Include="..\Classes\ActionsTest\ActionsTest.h">
      <Filter>Classes\ActionsTest</Filter>
    </ClInclude>
    <ClInclude Include="..\Classes\Box2DTest\Box2dTest.h">
      <Filter>Classes\Box2DTest</Filter>
    </ClInclude>
    <ClInclude Include="..\Classes\Box2DTestBed\Box2dView.h">
      <Filter>Classes\Box2DTestBed</Filter>
    </ClInclude>
    <ClInclude Include="..\Classes\Box2DTestBed\GLES-Render.h">
      <Filter>Classes\Box2DTestBed</Filter>
    </ClInclude>
    <ClInclude Include="..\Classes\Box2DTestBed\Test.h">
      <Filter>Classes\Box2DTestBed</Filter>
    </ClInclude>
    <ClInclude Include="..\Classes\Box2DTestBed\Tests\AddPair.h">
      <Filter>Classes\Box2DTestBed\Tests</Filter>
    </ClInclude>
    <ClInclude Include="..\Classes\Box2DTestBed\Tests\ApplyForce.h">
      <Filter>Classes\Box2DTestBed\Tests</Filter>
    </ClInclude>
    <ClInclude Include="..\Classes\Box2DTestBed\Tests\BodyTypes.h">
      <Filter>Classes\Box2DTestBed\Tests</Filter>
    </ClInclude>
    <ClInclude Include="..\Classes\Box2DTestBed\Tests\Breakable.h">
      <Filter>Classes\Box2DTestBed\Tests</Filter>
    </ClInclude>
    <ClInclude Include="..\Classes\Box2DTestBed\Tests\Bridge.h">
      <Filter>Classes\Box2DTestBed\Tests</Filter>
    </ClInclude>
    <ClInclude Include="..\Classes\Box2DTestBed\Tests\BulletTest.h">
      <Filter>Classes\Box2DTestBed\Tests</Filter>
    </ClInclude>
    <ClInclude Include="..\Classes\Box2DTestBed\Tests\Cantilever.h">
      <Filter>Classes\Box2DTestBed\Tests</Filter>
    </ClInclude>
    <ClInclude Include="..\Classes\Box2DTestBed\Tests\Car.h">
      <Filter>Classes\Box2DTestBed\Tests</Filter>
    </ClInclude>
    <ClInclude Include="..\Classes\Box2DTestBed\Tests\Chain.h">
      <Filter>Classes\Box2DTestBed\Tests</Filter>
    </ClInclude>
    <ClInclude Include="..\Classes\Box2DTestBed\Tests\CharacterCollision.h">
      <Filter>Classes\Box2DTestBed\Tests</Filter>
    </ClInclude>
    <ClInclude Include="..\Classes\Box2DTestBed\Tests\CollisionFiltering.h">
      <Filter>Classes\Box2DTestBed\Tests</Filter>
    </ClInclude>
    <ClInclude Include="..\Classes\Box2DTestBed\Tests\CollisionProcessing.h">
      <Filter>Classes\Box2DTestBed\Tests</Filter>
    </ClInclude>
    <ClInclude Include="..\Classes\Box2DTestBed\Tests\CompoundShapes.h">
      <Filter>Classes\Box2DTestBed\Tests</Filter>
    </ClInclude>
    <ClInclude Include="..\Classes\Box2DTestBed\Tests\Confined.h">
      <Filter>Classes\Box2DTestBed\Tests</Filter>
    </ClInclude>
    <ClInclude Include="..\Classes\Box2DTestBed\Tests\ContinuousTest.h">
      <Filter>Classes\Box2DTestBed\Tests</Filter>
    </ClInclude>
    <ClInclude Include="..\Classes\Box2DTestBed\Tests\DistanceTest.h">
      <Filter>Classes\Box2DTestBed\Tests</Filter>
    </ClInclude>
    <ClInclude Include="..\Classes\Box2DTestBed\Tests\Dominos.h">
      <Filter>Classes\Box2DTestBed\Tests</Filter>
    </ClInclude>
    <ClInclude Include="..\Classes\Box2DTestBed\Tests\DumpShell.h">
      <Filter>Classes\Box2DTestBed\Tests</Filter>
    </ClInclude>
    <ClInclude Include="..\Classes\Box2DTestBed\Tests\DynamicTreeTest.h">
      <Filter>Classes\Box2DTestBed\Tests</Filter>
    </ClInclude>
    <ClInclude Include="..\Classes\Box2DTestBed\Tests\EdgeShapes.h">
      <Filter>Classes\Box2DTestBed\Tests</Filter>
    </ClInclude>
    <ClInclude Include="..\Classes\Box2DTestBed\Tests\EdgeTest.h">
      <Filter>Classes\Box2DTestBed\Tests</Filter>
    </ClInclude>
    <ClInclude Include="..\Classes\Box2DTestBed\Tests\Gears.h">
      <Filter>Classes\Box2DTestBed\Tests</Filter>
    </ClInclude>
    <ClInclude Include="..\Classes\Box2DTestBed\Tests\OneSidedPlatform.h">
      <Filter>Classes\Box2DTestBed\Tests</Filter>
    </ClInclude>
    <ClInclude Include="..\Classes\Box2DTestBed\Tests\Pinball.h">
      <Filter>Classes\Box2DTestBed\Tests</Filter>
    </ClInclude>
    <ClInclude Include="..\Classes\Box2DTestBed\Tests\PolyCollision.h">
      <Filter>Classes\Box2DTestBed\Tests</Filter>
    </ClInclude>
    <ClInclude Include="..\Classes\Box2DTestBed\Tests\PolyShapes.h">
      <Filter>Classes\Box2DTestBed\Tests</Filter>
    </ClInclude>
    <ClInclude Include="..\Classes\Box2DTestBed\Tests\Prismatic.h">
      <Filter>Classes\Box2DTestBed\Tests</Filter>
    </ClInclude>
    <ClInclude Include="..\Classes\Box2DTestBed\Tests\Pulleys.h">
      <Filter>Classes\Box2DTestBed\Tests</Filter>
    </ClInclude>
    <ClInclude Include="..\Classes\Box2DTestBed\Tests\Pyramid.h">
      <Filter>Classes\Box2DTestBed\Tests</Filter>
    </ClInclude>
    <ClInclude Include="..\Classes\Box2DTestBed\Tests\RayCast.h">
      <Filter>Classes\Box2DTestBed\Tests</Filter>
    </ClInclude>
    <ClInclude Include="..\Classes\Box2DTestBed\Tests\Revolute.h">
      <Filter>Classes\Box2DTestBed\Tests</Filter>
    </ClInclude>
    <ClInclude Include="..\Classes\Box2DTestBed\Tests\Rope.h">
      <Filter>Classes\Box2DTestBed\Tests</Filter>
    </ClInclude>
    <ClInclude Include="..\Classes\Box2DTestBed\Tests\RopeJoint.h">
      <Filter>Classes\Box2DTestBed\Tests</Filter>
    </ClInclude>
    <ClInclude Include="..\Classes\Box2DTestBed\Tests\SensorTest.h">
      <Filter>Classes\Box2DTestBed\Tests</Filter>
    </ClInclude>
    <ClInclude Include="..\Classes\Box2DTestBed\Tests\ShapeEditing.h">
      <Filter>Classes\Box2DTestBed\Tests</Filter>
    </ClInclude>
    <ClInclude Include="..\Classes\Box2DTestBed\Tests\SliderCrank.h">
      <Filter>Classes\Box2DTestBed\Tests</Filter>
    </ClInclude>
    <ClInclude Include="..\Classes\Box2DTestBed\Tests\SphereStack.h">
      <Filter>Classes\Box2DTestBed\Tests</Filter>
    </ClInclude>
    <ClInclude Include="..\Classes\Box2DTestBed\Tests\TheoJansen.h">
      <Filter>Classes\Box2DTestBed\Tests</Filter>
    </ClInclude>
    <ClInclude Include="..\Classes\Box2DTestBed\Tests\Tiles.h">
      <Filter>Classes\Box2DTestBed\Tests</Filter>
    </ClInclude>
    <ClInclude Include="..\Classes\Box2DTestBed\Tests\TimeOfImpact.h">
      <Filter>Classes\Box2DTestBed\Tests</Filter>
    </ClInclude>
    <ClInclude Include="..\Classes\Box2DTestBed\Tests\Tumbler.h">
      <Filter>Classes\Box2DTestBed\Tests</Filter>
    </ClInclude>
    <ClInclude Include="..\Classes\Box2DTestBed\Tests\VaryingFriction.h">
      <Filter>Classes\Box2DTestBed\Tests</Filter>
    </ClInclude>
    <ClInclude Include="..\Classes\Box2DTestBed\Tests\VaryingRestitution.h">
      <Filter>Classes\Box2DTestBed\Tests</Filter>
    </ClInclude>
    <ClInclude Include="..\Classes\Box2DTestBed\Tests\VerticalStack.h">
      <Filter>Classes\Box2DTestBed\Tests</Filter>
    </ClInclude>
    <ClInclude Include="..\Classes\Box2DTestBed\Tests\Web.h">
      <Filter>Classes\Box2DTestBed\Tests</Filter>
    </ClInclude>
    <ClInclude Include="..\Classes\BugsTest\Bug-350.h">
      <Filter>Classes\BugsTest</Filter>
    </ClInclude>
    <ClInclude Include="..\Classes\BugsTest\Bug-422.h">
      <Filter>Classes\BugsTest</Filter>
    </ClInclude>
    <ClInclude Include="..\Classes\BugsTest\Bug-624.h">
      <Filter>Classes\BugsTest</Filter>
    </ClInclude>
    <ClInclude Include="..\Classes\BugsTest\Bug-886.h">
      <Filter>Classes\BugsTest</Filter>
    </ClInclude>
    <ClInclude Include="..\Classes\BugsTest\Bug-899.h">
      <Filter>Classes\BugsTest</Filter>
    </ClInclude>
    <ClInclude Include="..\Classes\BugsTest\Bug-914.h">
      <Filter>Classes\BugsTest</Filter>
    </ClInclude>
    <ClInclude Include="..\Classes\BugsTest\Bug-1159.h">
      <Filter>Classes\BugsTest</Filter>
    </ClInclude>
    <ClInclude Include="..\Classes\BugsTest\Bug-1174.h">
      <Filter>Classes\BugsTest</Filter>
    </ClInclude>
    <ClInclude Include="..\Classes\BugsTest\BugsTest.h">
      <Filter>Classes\BugsTest</Filter>
    </ClInclude>
    <ClInclude Include="..\Classes\BugsTest\Bug-458\Bug-458.h">
      <Filter>Classes\BugsTest\Bug-458</Filter>
    </ClInclude>
    <ClInclude Include="..\Classes\BugsTest\Bug-458\QuestionContainerSprite.h">
      <Filter>Classes\BugsTest\Bug-458</Filter>
    </ClInclude>
    <ClInclude Include="..\Classes\ChipmunkTest\ChipmunkTest.h">
      <Filter>Classes\ChipmunkTest</Filter>
    </ClInclude>
    <ClInclude Include="..\Classes\ClickAndMoveTest\ClickAndMoveTest.h">
      <Filter>Classes\ClickAndMoveTest</Filter>
    </ClInclude>
    <ClInclude Include="..\Classes\ClippingNodeTest\ClippingNodeTest.h">
      <Filter>Classes\ClippingNodeTest</Filter>
    </ClInclude>
    <ClInclude Include="..\Classes\CocosDenshionTest\CocosDenshionTest.h">
      <Filter>Classes\CocosDenshionTest</Filter>
    </ClInclude>
    <ClInclude Include="..\Classes\ConfigurationTest\ConfigurationTest.h">
      <Filter>Classes\ConfigurationTest</Filter>
    </ClInclude>
    <ClInclude Include="..\Classes\CurlTest\CurlTest.h">
      <Filter>Classes\CurlTest</Filter>
    </ClInclude>
    <ClInclude Include="..\Classes\CurrentLanguageTest\CurrentLanguageTest.h">
      <Filter>Classes\CurrentLanguageTest</Filter>
    </ClInclude>
    <ClInclude Include="..\Classes\DataVisitorTest\DataVisitorTest.h">
      <Filter>Classes\DataVisitorTest</Filter>
    </ClInclude>
    <ClInclude Include="..\Classes\DrawPrimitivesTest\DrawPrimitivesTest.h">
      <Filter>Classes\DrawPrimitivesTest</Filter>
    </ClInclude>
    <ClInclude Include="..\Classes\EffectsAdvancedTest\EffectsAdvancedTest.h">
      <Filter>Classes\EffectsAdvancedTest</Filter>
    </ClInclude>
    <ClInclude Include="..\Classes\EffectsTest\EffectsTest.h">
      <Filter>Classes\EffectsTest</Filter>
    </ClInclude>
    <ClInclude Include="..\Classes\FileUtilsTest\FileUtilsTest.h">
      <Filter>Classes\FileUtilsTest</Filter>
    </ClInclude>
    <ClInclude Include="..\Classes\FontTest\FontTest.h">
      <Filter>Classes\FontTest</Filter>
    </ClInclude>
    <ClInclude Include="..\Classes\IntervalTest\IntervalTest.h">
      <Filter>Classes\IntervalTest</Filter>
    </ClInclude>
    <ClInclude Include="..\Classes\KeypadTest\KeypadTest.h">
      <Filter>Classes\KeypadTest</Filter>
    </ClInclude>
    <ClInclude Include="..\Classes\LabelTest\LabelTest.h">
      <Filter>Classes\LabelTest</Filter>
    </ClInclude>
    <ClInclude Include="..\Classes\LayerTest\LayerTest.h">
      <Filter>Classes\LayerTest</Filter>
    </ClInclude>
    <ClInclude Include="..\Classes\MenuTest\MenuTest.h">
      <Filter>Classes\MenuTest</Filter>
    </ClInclude>
    <ClInclude Include="..\Classes\MotionStreakTest\MotionStreakTest.h">
      <Filter>Classes\MotionStreakTest</Filter>
    </ClInclude>
    <ClInclude Include="..\Classes\MutiTouchTest\MutiTouchTest.h">
      <Filter>Classes\MutiTouchTest</Filter>
    </ClInclude>
    <ClInclude Include="..\Classes\NodeTest\NodeTest.h">
      <Filter>Classes\NodeTest</Filter>
    </ClInclude>
    <ClInclude Include="..\Classes\ParallaxTest\ParallaxTest.h">
      <Filter>Classes\ParallaxTest</Filter>
    </ClInclude>
    <ClInclude Include="..\Classes\ParticleTest\ParticleTest.h">
      <Filter>Classes\ParticleTest</Filter>
    </ClInclude>
    <ClInclude Include="..\Classes\PerformanceTest\PerformanceAllocTest.h">
      <Filter>Classes\PerformanceTest</Filter>
    </ClInclude>
    <ClInclude Include="..\Classes\PerformanceTest\PerformanceNodeChildrenTest.h">
      <Filter>Classes\PerformanceTest</Filter>
    </ClInclude>
    <ClInclude Include="..\Classes\PerformanceTest\PerformanceParticleTest.h">
      <Filter>Classes\PerformanceTest</Filter>
    </ClInclude>
    <ClInclude Include="..\Classes\PerformanceTest\PerformanceSpriteTest.h">
      <Filter>Classes\PerformanceTest</Filter>
    </ClInclude>
    <ClInclude Include="..\Classes\PerformanceTest\PerformanceTest.h">
      <Filter>Classes\PerformanceTest</Filter>
    </ClInclude>
    <ClInclude Include="..\Classes\PerformanceTest\PerformanceTextureTest.h">
      <Filter>Classes\PerformanceTest</Filter>
    </ClInclude>
    <ClInclude Include="..\Classes\PerformanceTest\PerformanceTouchesTest.h">
      <Filter>Classes\PerformanceTest</Filter>
    </ClInclude>
    <ClInclude Include="..\Classes\RenderTextureTest\RenderTextureTest.h">
      <Filter>Classes\RenderTextureTest</Filter>
    </ClInclude>
    <ClInclude Include="..\Classes\RotateWorldTest\RotateWorldTest.h">
      <Filter>Classes\RotateWorldTest</Filter>
    </ClInclude>
    <ClInclude Include="..\Classes\SceneTest\SceneTest.h">
      <Filter>Classes\SceneTest</Filter>
    </ClInclude>
    <ClInclude Include="..\Classes\SchedulerTest\SchedulerTest.h">
      <Filter>Classes\SchedulerTest</Filter>
    </ClInclude>
    <ClInclude Include="..\Classes\ShaderTest\ShaderTest.h">
      <Filter>Classes\ShaderTest</Filter>
    </ClInclude>
    <ClInclude Include="..\Classes\SpineTest\SpineTest.h">
      <Filter>Classes\SpineTest</Filter>
    </ClInclude>
    <ClInclude Include="..\Classes\SpriteTest\SpriteTest.h">
      <Filter>Classes\SpriteTest</Filter>
    </ClInclude>
    <ClInclude Include="..\Classes\TextInputTest\TextInputTest.h">
      <Filter>Classes\TextInputTest</Filter>
    </ClInclude>
    <ClInclude Include="..\Classes\Texture2dTest\Texture2dTest.h">
      <Filter>Classes\Texture2dTest</Filter>
    </ClInclude>
    <ClInclude Include="..\Classes\TextureCacheTest\TextureCacheTest.h">
      <Filter>Classes\TextureCacheTest</Filter>
    </ClInclude>
    <ClInclude Include="..\Classes\TexturePackerEncryptionTest\TextureAtlasEncryptionTest.h">
      <Filter>Classes\TexturePackerEncryptionTest</Filter>
    </ClInclude>
    <ClInclude Include="..\Classes\TileMapTest\TileMapTest.h">
      <Filter>Classes\TileMapTest</Filter>
    </ClInclude>
    <ClInclude Include="..\Classes\TouchesTest\Ball.h">
      <Filter>Classes\TouchesTest</Filter>
    </ClInclude>
    <ClInclude Include="..\Classes\TouchesTest\Paddle.h">
      <Filter>Classes\TouchesTest</Filter>
    </ClInclude>
    <ClInclude Include="..\Classes\TouchesTest\TouchesTest.h">
      <Filter>Classes\TouchesTest</Filter>
    </ClInclude>
    <ClInclude Include="..\Classes\TransitionsTest\TransitionsTest.h">
      <Filter>Classes\TransitionsTest</Filter>
    </ClInclude>
    <ClInclude Include="..\Classes\UserDefaultTest\UserDefaultTest.h">
      <Filter>Classes\UserDefaultTest</Filter>
    </ClInclude>
    <ClInclude Include="..\Classes\ZwoptexTest\ZwoptexTest.h">
      <Filter>Classes\ZwoptexTest</Filter>
    </ClInclude>
    <ClInclude Include="..\Classes\ExtensionsTest\ExtensionsTest.h">
      <Filter>Classes\ExtensionsTest</Filter>
    </ClInclude>
    <ClInclude Include="..\Classes\ExtensionsTest\CocosBuilderTest\CocosBuilderTest.h">
      <Filter>Classes\ExtensionsTest\CocosBuilderTest</Filter>
    </ClInclude>
    <ClInclude Include="..\Classes\ExtensionsTest\CocosBuilderTest\AnimationsTest\AnimationsLayerLoader.h">
      <Filter>Classes\ExtensionsTest\CocosBuilderTest\AnimationsTest</Filter>
    </ClInclude>
    <ClInclude Include="..\Classes\ExtensionsTest\CocosBuilderTest\AnimationsTest\AnimationsTestLayer.h">
      <Filter>Classes\ExtensionsTest\CocosBuilderTest\AnimationsTest</Filter>
    </ClInclude>
    <ClInclude Include="..\Classes\ExtensionsTest\CocosBuilderTest\ButtonTest\ButtonTestLayer.h">
      <Filter>Classes\ExtensionsTest\CocosBuilderTest\ButtonTest</Filter>
    </ClInclude>
    <ClInclude Include="..\Classes\ExtensionsTest\CocosBuilderTest\ButtonTest\ButtonTestLayerLoader.h">
      <Filter>Classes\ExtensionsTest\CocosBuilderTest\ButtonTest</Filter>
    </ClInclude>
    <ClInclude Include="..\Classes\ExtensionsTest\CocosBuilderTest\HelloCocosBuilder\HelloCocosBuilderLayer.h">
      <Filter>Classes\ExtensionsTest\CocosBuilderTest\HelloCocosBuilder</Filter>
    </ClInclude>
    <ClInclude Include="..\Classes\ExtensionsTest\CocosBuilderTest\HelloCocosBuilder\HelloCocosBuilderLayerLoader.h">
      <Filter>Classes\ExtensionsTest\CocosBuilderTest\HelloCocosBuilder</Filter>
    </ClInclude>
    <ClInclude Include="..\Classes\ExtensionsTest\CocosBuilderTest\LabelTest\LabelTestLayer.h">
      <Filter>Classes\ExtensionsTest\CocosBuilderTest\LabelTest</Filter>
    </ClInclude>
    <ClInclude Include="..\Classes\ExtensionsTest\CocosBuilderTest\LabelTest\LabelTestLayerLoader.h">
      <Filter>Classes\ExtensionsTest\CocosBuilderTest\LabelTest</Filter>
    </ClInclude>
    <ClInclude Include="..\Classes\ExtensionsTest\CocosBuilderTest\MenuTest\MenuTestLayer.h">
      <Filter>Classes\ExtensionsTest\CocosBuilderTest\MenuTest</Filter>
    </ClInclude>
    <ClInclude Include="..\Classes\ExtensionsTest\CocosBuilderTest\MenuTest\MenuTestLayerLoader.h">
      <Filter>Classes\ExtensionsTest\CocosBuilderTest\MenuTest</Filter>
    </ClInclude>
    <ClInclude Include="..\Classes\ExtensionsTest\CocosBuilderTest\ParticleSystemTest\ParticleSystemTestLayer.h">
      <Filter>Classes\ExtensionsTest\CocosBuilderTest\ParticleSystemTest</Filter>
    </ClInclude>
    <ClInclude Include="..\Classes\ExtensionsTest\CocosBuilderTest\ParticleSystemTest\ParticleSystemTestLayerLoader.h">
      <Filter>Classes\ExtensionsTest\CocosBuilderTest\ParticleSystemTest</Filter>
    </ClInclude>
    <ClInclude Include="..\Classes\ExtensionsTest\CocosBuilderTest\ScrollViewTest\ScrollViewTestLayer.h">
      <Filter>Classes\ExtensionsTest\CocosBuilderTest\ScrollViewTest</Filter>
    </ClInclude>
    <ClInclude Include="..\Classes\ExtensionsTest\CocosBuilderTest\ScrollViewTest\ScrollViewTestLayerLoader.h">
      <Filter>Classes\ExtensionsTest\CocosBuilderTest\ScrollViewTest</Filter>
    </ClInclude>
    <ClInclude Include="..\Classes\ExtensionsTest\CocosBuilderTest\SpriteTest\SpriteTestLayer.h">
      <Filter>Classes\ExtensionsTest\CocosBuilderTest\SpriteTest</Filter>
    </ClInclude>
    <ClInclude Include="..\Classes\ExtensionsTest\CocosBuilderTest\SpriteTest\SpriteTestLayerLoader.h">
      <Filter>Classes\ExtensionsTest\CocosBuilderTest\SpriteTest</Filter>
    </ClInclude>
    <ClInclude Include="..\Classes\ExtensionsTest\CocosBuilderTest\TestHeader\TestHeaderLayer.h">
      <Filter>Classes\ExtensionsTest\CocosBuilderTest\TestHeader</Filter>
    </ClInclude>
    <ClInclude Include="..\Classes\ExtensionsTest\CocosBuilderTest\TestHeader\TestHeaderLayerLoader.h">
      <Filter>Classes\ExtensionsTest\CocosBuilderTest\TestHeader</Filter>
    </ClInclude>
    <ClInclude Include="..\Classes\ExtensionsTest\CocosBuilderTest\TimelineCallbackTest\TimelineCallbackLayerLoader.h">
      <Filter>Classes\ExtensionsTest\CocosBuilderTest\TimelineCallbackTest</Filter>
    </ClInclude>
    <ClInclude Include="..\Classes\ExtensionsTest\CocosBuilderTest\TimelineCallbackTest\TimelineCallbackTestLayer.h">
      <Filter>Classes\ExtensionsTest\CocosBuilderTest\TimelineCallbackTest</Filter>
    </ClInclude>
    <ClInclude Include="..\Classes\ExtensionsTest\CocoStudioActionTimelineTest\ActionTimelineTestScene.h">
      <Filter>Classes\ExtensionsTest\CocoStudioActionTimelineTest</Filter>
    </ClInclude>
    <ClInclude Include="..\Classes\ExtensionsTest\CocoStudioArmatureTest\ArmatureScene.h">
      <Filter>Classes\ExtensionsTest\CocoStudioArmatureTest</Filter>
    </ClInclude>
    <ClInclude Include="..\Classes\ExtensionsTest\CocoStudioComponentsTest\ComponentsTestScene.h">
      <Filter>Classes\ExtensionsTest\CocoStudioComponentsTest</Filter>
    </ClInclude>
    <ClInclude Include="..\Classes\ExtensionsTest\CocoStudioComponentsTest\EnemyController.h">
      <Filter>Classes\ExtensionsTest\CocoStudioComponentsTest</Filter>
    </ClInclude>
    <ClInclude Include="..\Classes\ExtensionsTest\CocoStudioComponentsTest\GameOverScene.h">
      <Filter>Classes\ExtensionsTest\CocoStudioComponentsTest</Filter>
    </ClInclude>
    <ClInclude Include="..\Classes\ExtensionsTest\CocoStudioComponentsTest\PlayerController.h">
      <Filter>Classes\ExtensionsTest\CocoStudioComponentsTest</Filter>
    </ClInclude>
    <ClInclude Include="..\Classes\ExtensionsTest\CocoStudioComponentsTest\ProjectileController.h">
      <Filter>Classes\ExtensionsTest\CocoStudioComponentsTest</Filter>
    </ClInclude>
    <ClInclude Include="..\Classes\ExtensionsTest\CocoStudioComponentsTest\SceneController.h">
      <Filter>Classes\ExtensionsTest\CocoStudioComponentsTest</Filter>
    </ClInclude>
    <ClInclude Include="..\Classes\ExtensionsTest\CocoStudioGUITest\CocosGUIScene.h">
      <Filter>Classes\ExtensionsTest\CocoStudioGUITest</Filter>
    </ClInclude>
    <ClInclude Include="..\Classes\ExtensionsTest\CocoStudioGUITest\CocoStudioGUITest.h">
      <Filter>Classes\ExtensionsTest\CocoStudioGUITest</Filter>
    </ClInclude>
    <ClInclude Include="..\Classes\ExtensionsTest\CocoStudioGUITest\CustomGUIScene.h">
      <Filter>Classes\ExtensionsTest\CocoStudioGUITest</Filter>
    </ClInclude>
    <ClInclude Include="..\Classes\ExtensionsTest\CocoStudioGUITest\GUIEditorTest.h">
      <Filter>Classes\ExtensionsTest\CocoStudioGUITest</Filter>
    </ClInclude>
    <ClInclude Include="..\Classes\ExtensionsTest\CocoStudioGUITest\UIScene.h">
      <Filter>Classes\ExtensionsTest\CocoStudioGUITest</Filter>
    </ClInclude>
    <ClInclude Include="..\Classes\ExtensionsTest\CocoStudioGUITest\UIScene_Editor.h">
      <Filter>Classes\ExtensionsTest\CocoStudioGUITest</Filter>
    </ClInclude>
    <ClInclude Include="..\Classes\ExtensionsTest\CocoStudioGUITest\UISceneManager.h">
      <Filter>Classes\ExtensionsTest\CocoStudioGUITest</Filter>
    </ClInclude>
    <ClInclude Include="..\Classes\ExtensionsTest\CocoStudioGUITest\UISceneManager_Editor.h">
      <Filter>Classes\ExtensionsTest\CocoStudioGUITest</Filter>
    </ClInclude>
    <ClInclude Include="..\Classes\ExtensionsTest\CocoStudioGUITest\CustomTest\CustomImageTest\CustomImageTest.h">
      <Filter>Classes\ExtensionsTest\CocoStudioGUITest\CustomTest\CustomImageTest</Filter>
    </ClInclude>
    <ClInclude Include="..\Classes\ExtensionsTest\CocoStudioGUITest\CustomTest\CustomParticleWidgetTest\CustomParticleWidgetTest.h">
      <Filter>Classes\ExtensionsTest\CocoStudioGUITest\CustomTest\CustomParticleWidgetTest</Filter>
    </ClInclude>
    <ClInclude Include="..\Classes\ExtensionsTest\CocoStudioGUITest\CustomWidget\CustomImageView.h">
      <Filter>Classes\ExtensionsTest\CocoStudioGUITest\CustomWidget</Filter>
    </ClInclude>
    <ClInclude Include="..\Classes\ExtensionsTest\CocoStudioGUITest\CustomWidget\CustomImageViewReader.h">
      <Filter>Classes\ExtensionsTest\CocoStudioGUITest\CustomWidget</Filter>
    </ClInclude>
    <ClInclude Include="..\Classes\ExtensionsTest\CocoStudioGUITest\CustomWidget\CustomParticleWidget.h">
      <Filter>Classes\ExtensionsTest\CocoStudioGUITest\CustomWidget</Filter>
    </ClInclude>
    <ClInclude Include="..\Classes\ExtensionsTest\CocoStudioGUITest\CustomWidget\CustomParticleWidgetReader.h">
      <Filter>Classes\ExtensionsTest\CocoStudioGUITest\CustomWidget</Filter>
    </ClInclude>
    <ClInclude Include="..\Classes\ExtensionsTest\CocoStudioGUITest\CustomWidget\CustomReader.h">
      <Filter>Classes\ExtensionsTest\CocoStudioGUITest\CustomWidget</Filter>
    </ClInclude>
    <ClInclude Include="..\Classes\ExtensionsTest\CocoStudioGUITest\UIButtonTest\UIButtonTest.h">
      <Filter>Classes\ExtensionsTest\CocoStudioGUITest\UIButtonTest</Filter>
    </ClInclude>
    <ClInclude Include="..\Classes\ExtensionsTest\CocoStudioGUITest\UIButtonTest\UIButtonTest_Editor.h">
      <Filter>Classes\ExtensionsTest\CocoStudioGUITest\UIButtonTest</Filter>
    </ClInclude>
    <ClInclude Include="..\Classes\ExtensionsTest\CocoStudioGUITest\UICheckBoxTest\UICheckBoxTest.h">
      <Filter>Classes\ExtensionsTest\CocoStudioGUITest\UICheckBoxTest</Filter>
    </ClInclude>
    <ClInclude Include="..\Classes\ExtensionsTest\CocoStudioGUITest\UICheckBoxTest\UICheckBoxTest_Editor.h">
      <Filter>Classes\ExtensionsTest\CocoStudioGUITest\UICheckBoxTest</Filter>
    </ClInclude>
    <ClInclude Include="..\Classes\ExtensionsTest\CocoStudioGUITest\UIImageViewTest\UIImageViewTest.h">
      <Filter>Classes\ExtensionsTest\CocoStudioGUITest\UIImageViewTest</Filter>
    </ClInclude>
    <ClInclude Include="..\Classes\ExtensionsTest\CocoStudioGUITest\UIImageViewTest\UIImageViewTest_Editor.h">
      <Filter>Classes\ExtensionsTest\CocoStudioGUITest\UIImageViewTest</Filter>
    </ClInclude>
    <ClInclude Include="..\Classes\ExtensionsTest\CocoStudioGUITest\UILabelAtlasTest\UILabelAtlasTest.h">
      <Filter>Classes\ExtensionsTest\CocoStudioGUITest\UILabelAtlasTest</Filter>
    </ClInclude>
    <ClInclude Include="..\Classes\ExtensionsTest\CocoStudioGUITest\UILabelAtlasTest\UILabelAtlasTest_Editor.h">
      <Filter>Classes\ExtensionsTest\CocoStudioGUITest\UILabelAtlasTest</Filter>
    </ClInclude>
    <ClInclude Include="..\Classes\ExtensionsTest\CocoStudioGUITest\UILabelBMFontTest\UILabelBMFontTest.h">
      <Filter>Classes\ExtensionsTest\CocoStudioGUITest\UILabelBMFontTest</Filter>
    </ClInclude>
    <ClInclude Include="..\Classes\ExtensionsTest\CocoStudioGUITest\UILabelBMFontTest\UILabelBMFontTest_Editor.h">
      <Filter>Classes\ExtensionsTest\CocoStudioGUITest\UILabelBMFontTest</Filter>
    </ClInclude>
    <ClInclude Include="..\Classes\ExtensionsTest\CocoStudioGUITest\UILabelTest\UILabelTest.h">
      <Filter>Classes\ExtensionsTest\CocoStudioGUITest\UILabelTest</Filter>
    </ClInclude>
    <ClInclude Include="..\Classes\ExtensionsTest\CocoStudioGUITest\UILabelTest\UILabelTest_Editor.h">
      <Filter>Classes\ExtensionsTest\CocoStudioGUITest\UILabelTest</Filter>
    </ClInclude>
    <ClInclude Include="..\Classes\ExtensionsTest\CocoStudioGUITest\UILayoutTest\UILayoutTest.h">
      <Filter>Classes\ExtensionsTest\CocoStudioGUITest\UIlayoutTest</Filter>
    </ClInclude>
    <ClInclude Include="..\Classes\ExtensionsTest\CocoStudioGUITest\UILayoutTest\UILayoutTest_Editor.h">
      <Filter>Classes\ExtensionsTest\CocoStudioGUITest\UIlayoutTest</Filter>
    </ClInclude>
    <ClInclude Include="..\Classes\ExtensionsTest\CocoStudioGUITest\UIListViewTest\UIListViewTest.h">
      <Filter>Classes\ExtensionsTest\CocoStudioGUITest\UIListViewTest</Filter>
    </ClInclude>
    <ClInclude Include="..\Classes\ExtensionsTest\CocoStudioGUITest\UIListViewTest\UIListViewTest_Editor.h">
      <Filter>Classes\ExtensionsTest\CocoStudioGUITest\UIListViewTest</Filter>
    </ClInclude>
    <ClInclude Include="..\Classes\ExtensionsTest\CocoStudioGUITest\UILoadingBarTest\UILoadingBarTest.h">
      <Filter>Classes\ExtensionsTest\CocoStudioGUITest\UILoadingBarTest</Filter>
    </ClInclude>
    <ClInclude Include="..\Classes\ExtensionsTest\CocoStudioGUITest\UILoadingBarTest\UILoadingBarTest_Editor.h">
      <Filter>Classes\ExtensionsTest\CocoStudioGUITest\UILoadingBarTest</Filter>
    </ClInclude>
    <ClInclude Include="..\Classes\ExtensionsTest\CocoStudioGUITest\UIPageViewTest\UIPageViewTest.h">
      <Filter>Classes\ExtensionsTest\CocoStudioGUITest\UIPageViewTest</Filter>
    </ClInclude>
    <ClInclude Include="..\Classes\ExtensionsTest\CocoStudioGUITest\UIPageViewTest\UIPageViewTest_Editor.h">
      <Filter>Classes\ExtensionsTest\CocoStudioGUITest\UIPageViewTest</Filter>
    </ClInclude>
    <ClInclude Include="..\Classes\ExtensionsTest\CocoStudioGUITest\UIRichTextTest\UIRichTextTest.h">
      <Filter>Classes\ExtensionsTest\CocoStudioGUITest\UIRichTextTest</Filter>
    </ClInclude>
    <ClInclude Include="..\Classes\ExtensionsTest\CocoStudioGUITest\UIScrollViewTest\UIScrollViewTest.h">
      <Filter>Classes\ExtensionsTest\CocoStudioGUITest\UIScrollViewTest</Filter>
    </ClInclude>
    <ClInclude Include="..\Classes\ExtensionsTest\CocoStudioGUITest\UIScrollViewTest\UIScrollViewTest_Editor.h">
      <Filter>Classes\ExtensionsTest\CocoStudioGUITest\UIScrollViewTest</Filter>
    </ClInclude>
    <ClInclude Include="..\Classes\ExtensionsTest\CocoStudioGUITest\UISliderTest\UISliderTest.h">
      <Filter>Classes\ExtensionsTest\CocoStudioGUITest\UISliderTest</Filter>
    </ClInclude>
    <ClInclude Include="..\Classes\ExtensionsTest\CocoStudioGUITest\UISliderTest\UISliderTest_Editor.h">
      <Filter>Classes\ExtensionsTest\CocoStudioGUITest\UISliderTest</Filter>
    </ClInclude>
    <ClInclude Include="..\Classes\ExtensionsTest\CocoStudioGUITest\UITextFieldTest\UITextFieldTest.h">
      <Filter>Classes\ExtensionsTest\CocoStudioGUITest\UITextFieldTest</Filter>
    </ClInclude>
    <ClInclude Include="..\Classes\ExtensionsTest\CocoStudioGUITest\UITextFieldTest\UITextFieldTest_Editor.h">
      <Filter>Classes\ExtensionsTest\CocoStudioGUITest\UITextFieldTest</Filter>
    </ClInclude>
    <ClInclude Include="..\Classes\ExtensionsTest\CocoStudioGUITest\UIWidgetAddNodeTest\UIWidgetAddNodeTest.h">
      <Filter>Classes\ExtensionsTest\CocoStudioGUITest\UIWidgetAddNodeTest</Filter>
    </ClInclude>
    <ClInclude Include="..\Classes\ExtensionsTest\CocoStudioGUITest\UIWidgetAddNodeTest\UIWidgetAddNodeTest_Editor.h">
      <Filter>Classes\ExtensionsTest\CocoStudioGUITest\UIWidgetAddNodeTest</Filter>
    </ClInclude>
    <ClInclude Include="..\Classes\ExtensionsTest\CocoStudioSceneTest\SceneEditorTest.h">
      <Filter>Classes\ExtensionsTest\CocoStudioSceneTest</Filter>
    </ClInclude>
    <ClInclude Include="..\Classes\ExtensionsTest\CocoStudioSceneTest\TriggerCode\acts.h">
      <Filter>Classes\ExtensionsTest\CocoStudioSceneTest\TriggerCode</Filter>
    </ClInclude>
    <ClInclude Include="..\Classes\ExtensionsTest\CocoStudioSceneTest\TriggerCode\cons.h">
      <Filter>Classes\ExtensionsTest\CocoStudioSceneTest\TriggerCode</Filter>
    </ClInclude>
    <ClInclude Include="..\Classes\ExtensionsTest\CocoStudioSceneTest\TriggerCode\EventDef.h">
      <Filter>Classes\ExtensionsTest\CocoStudioSceneTest\TriggerCode</Filter>
    </ClInclude>
    <ClInclude Include="..\Classes\ExtensionsTest\ControlExtensionTest\CCControlScene.h">
      <Filter>Classes\ExtensionsTest\ControlExtensionTest</Filter>
    </ClInclude>
    <ClInclude Include="..\Classes\ExtensionsTest\ControlExtensionTest\CCControlSceneManager.h">
      <Filter>Classes\ExtensionsTest\ControlExtensionTest</Filter>
    </ClInclude>
    <ClInclude Include="..\Classes\ExtensionsTest\ControlExtensionTest\CCControlButtonTest\CCControlButtonTest.h">
      <Filter>Classes\ExtensionsTest\ControlExtensionTest\CCControlButtonTest</Filter>
    </ClInclude>
    <ClInclude Include="..\Classes\ExtensionsTest\ControlExtensionTest\CCControlColourPicker\CCControlColourPickerTest.h">
      <Filter>Classes\ExtensionsTest\ControlExtensionTest\CCControlColourPicker</Filter>
    </ClInclude>
    <ClInclude Include="..\Classes\ExtensionsTest\ControlExtensionTest\CCControlPotentiometerTest\CCControlPotentiometerTest.h">
      <Filter>Classes\ExtensionsTest\ControlExtensionTest\CCControlPotentiometerTest</Filter>
    </ClInclude>
    <ClInclude Include="..\Classes\ExtensionsTest\ControlExtensionTest\CCControlSliderTest\CCControlSliderTest.h">
      <Filter>Classes\ExtensionsTest\ControlExtensionTest\CCControlSliderTest</Filter>
    </ClInclude>
    <ClInclude Include="..\Classes\ExtensionsTest\ControlExtensionTest\CCControlStepperTest\CCControlStepperTest.h">
      <Filter>Classes\ExtensionsTest\ControlExtensionTest\CCControlStepperTest</Filter>
    </ClInclude>
    <ClInclude Include="..\Classes\ExtensionsTest\ControlExtensionTest\CCControlSwitchTest\CCControlSwitchTest.h">
      <Filter>Classes\ExtensionsTest\ControlExtensionTest\CCControlSwitchTest</Filter>
    </ClInclude>
    <ClInclude Include="..\Classes\ExtensionsTest\EditBoxTest\EditBoxTest.h">
      <Filter>Classes\ExtensionsTest\EditBoxTest</Filter>
    </ClInclude>
    <ClInclude Include="..\Classes\ExtensionsTest\NetworkTest\HttpClientTest.h">
      <Filter>Classes\ExtensionsTest\NetworkTest</Filter>
    </ClInclude>
    <ClInclude Include="..\Classes\ExtensionsTest\NetworkTest\WebSocketTest.h">
      <Filter>Classes\ExtensionsTest\NetworkTest</Filter>
    </ClInclude>
    <ClInclude Include="..\Classes\ExtensionsTest\NotificationCenterTest\NotificationCenterTest.h">
      <Filter>Classes\ExtensionsTest\NotificationCenterTest</Filter>
    </ClInclude>
    <ClInclude Include="..\Classes\ExtensionsTest\TableViewTest\CustomTableViewCell.h">
      <Filter>Classes\ExtensionsTest\TableViewTest</Filter>
    </ClInclude>
    <ClInclude Include="..\Classes\ExtensionsTest\TableViewTest\TableViewTestScene.h">
      <Filter>Classes\ExtensionsTest\TableViewTest</Filter>
    </ClInclude>
  </ItemGroup>
  <ItemGroup>
    <AppxManifest Include="Package.appxmanifest" />
  </ItemGroup>
  <ItemGroup>
    <None Include="TestCpp_TemporaryKey.pfx" />
    <None Include="$(ZLibBinPath)zlib.dll" />
    <None Include="$(AngleBinPath)libEGL.dll" />
    <None Include="$(AngleBinPath)libGLESv2.dll" />
    <None Include="$(WebsocketsBinPath)libwebsockets.dll" />
    <None Include="$(SQLiteBinPath)sqlite3.dll" />
    <None Include="$(CurlBinPath)libcurl.dll" />
    <None Include="$(CurlBinPath)libeay32.dll" />
    <None Include="$(CurlBinPath)ssleay32.dll" />
  </ItemGroup>
  <ItemGroup>
    <Image Include="Assets\LockScreenLogo.scale-200.png">
      <Filter>Assets</Filter>
    </Image>
    <Image Include="Assets\SplashScreen.scale-200.png">
      <Filter>Assets</Filter>
    </Image>
    <Image Include="Assets\Square44x44Logo.scale-200.png">
      <Filter>Assets</Filter>
    </Image>
    <Image Include="Assets\Square44x44Logo.targetsize-24_altform-unplated.png">
      <Filter>Assets</Filter>
    </Image>
    <Image Include="Assets\Square150x150Logo.scale-200.png">
      <Filter>Assets</Filter>
    </Image>
    <Image Include="Assets\StoreLogo.png">
      <Filter>Assets</Filter>
    </Image>
    <Image Include="Assets\Wide310x150Logo.scale-200.png">
      <Filter>Assets</Filter>
    </Image>
  </ItemGroup>
  <ItemGroup>
    <Page Include="..\..\..\..\cocos2dx\platform\win-8.1\Cocos2dEngine\OpenGLESPage.xaml">
      <Filter>Cocos2dEngine</Filter>
    </Page>
  </ItemGroup>
</Project>